PODS:
  - Alamofire (4.5.0)
  - Gloss (1.2.4)

DEPENDENCIES:
  - Alamofire (~> 4.4)
  - Gloss (~> 1.2)

SPEC CHECKSUMS:
  Alamofire: f28cdffd29de33a7bfa022cbd63ae95a27fae140
  Gloss: 4e036074610fdb993abcb958ebcd7332588e2333

PODFILE CHECKSUM: ea59a25c15c71a0ec941aa55a3806cf289a4ae43

COCOAPODS: 1.2.1
